
Microsoft Visual Studio Solution File, Format Version 12.00
# Visual Studio Version 16
VisualStudioVersion = 16.0.31729.503
MinimumVisualStudioVersion = 10.0.40219.1
Project("{FAE04EC0-301F-11D3-BF4B-00C04F79EFBC}") = "API7", "API7\API7.csproj", "{9C96E8A4-88DE-4FCE-86B9-2F29CEEFEE14}"
EndProject
Global
	GlobalSection(SolutionConfigurationPlatforms) = preSolution
		Debug|Any CPU = Debug|Any CPU
		Release|Any CPU = Release|Any CPU
	EndGlobalSection
	GlobalSection(ProjectConfigurationPlatforms) = postSolution
		{9C96E8A4-88DE-4FCE-86B9-2F29CEEFEE14}.Debug|Any CPU.ActiveCfg = Debug|Any CPU
		{9C96E8A4-88DE-4FCE-86B9-2F29CEEFEE14}.Debug|Any CPU.Build.0 = Debug|Any CPU
		{9C96E8A4-88DE-4FCE-86B9-2F29CEEFEE14}.Release|Any CPU.ActiveCfg = Release|Any CPU
		{9C96E8A4-88DE-4FCE-86B9-2F29CEEFEE14}.Release|Any CPU.Build.0 = Release|Any CPU
	EndGlobalSection
	GlobalSection(SolutionProperties) = preSolution
		HideSolutionNode = FALSE
	EndGlobalSection
	GlobalSection(ExtensibilityGlobals) = postSolution
		SolutionGuid = {9FDDB006-C5BC-4C2C-9898-239E6DA5EADE}
	EndGlobalSection
EndGlobal
